
Microsoft Visual Studio Solution File, Format Version 12.00
# Visual Studio 15
VisualStudioVersion = 15.0.28307.757
MinimumVisualStudioVersion = 10.0.40219.1
Project("{E24C65DC-7377-472B-9ABA-BC803B73C61A}") = "zhancblog", "zhancblog\", "{55EB0092-5C4F-46E5-B341-164A79759451}"
	ProjectSection(WebsiteProperties) = preProject
		TargetFrameworkMoniker = ".NETFramework,Version%3Dv4.0"
		Debug.AspNetCompiler.VirtualPath = "/localhost_61530"
		Debug.AspNetCompiler.PhysicalPath = "zhancblog\"
		Debug.AspNetCompiler.TargetPath = "PrecompiledWeb\localhost_61530\"
		Debug.AspNetCompiler.Updateable = "true"
		Debug.AspNetCompiler.ForceOverwrite = "true"
		Debug.AspNetCompiler.FixedNames = "false"
		Debug.AspNetCompiler.Debug = "True"
		Release.AspNetCompiler.VirtualPath = "/localhost_61530"
		Release.AspNetCompiler.PhysicalPath = "zhancblog\"
		Release.AspNetCompiler.TargetPath = "PrecompiledWeb\localhost_61530\"
		Release.AspNetCompiler.Updateable = "true"
		Release.AspNetCompiler.ForceOverwrite = "true"
		Release.AspNetCompiler.FixedNames = "false"
		Release.AspNetCompiler.Debug = "False"
		VWDPort = "61530"
		SlnRelativePath = "zhancblog\"
		DefaultWebSiteLanguage = "Visual C#"
	EndProjectSection
EndProject
Global
	GlobalSection(SolutionConfigurationPlatforms) = preSolution
		Debug|Any CPU = Debug|Any CPU
	EndGlobalSection
	GlobalSection(ProjectConfigurationPlatforms) = postSolution
		{55EB0092-5C4F-46E5-B341-164A79759451}.Debug|Any CPU.ActiveCfg = Debug|Any CPU
		{55EB0092-5C4F-46E5-B341-164A79759451}.Debug|Any CPU.Build.0 = Debug|Any CPU
	EndGlobalSection
	GlobalSection(SolutionProperties) = preSolution
		HideSolutionNode = FALSE
	EndGlobalSection
	GlobalSection(ExtensibilityGlobals) = postSolution
		SolutionGuid = {E2B743ED-F390-41CC-A1C5-AB32EF12FC70}
	EndGlobalSection
EndGlobal
